// !$*UTF8*$!
{
	archiveVersion = 1;
	classes = {
	};
	objectVersion = 56;
	objects = {

/* Begin PBXBuildFile section */
		478CD1202BB8CBFD00CF4E40 /* main.cpp in Sources */ = {isa = PBXBuildFile; fileRef = 478CD1172BB8CBFD00CF4E40 /* main.cpp */; };
		478CD1212BB8CBFD00CF4E40 /* geodb.cpp in Sources */ = {isa = PBXBuildFile; fileRef = 478CD11A2BB8CBFD00CF4E40 /* geodb.cpp */; };
		478CD1222BB8CBFD00CF4E40 /* router.cpp in Sources */ = {isa = PBXBuildFile; fileRef = 478CD11C2BB8CBFD00CF4E40 /* router.cpp */; };
		478CD1232BB8CBFD00CF4E40 /* tour_generator.cpp in Sources */ = {isa = PBXBuildFile; fileRef = 478CD11F2BB8CBFD00CF4E40 /* tour_generator.cpp */; };
/* End PBXBuildFile section */

/* Begin PBXCopyFilesBuildPhase section */
		478CD1072BB8CBDB00CF4E40 /* CopyFiles */ = {
			isa = PBXCopyFilesBuildPhase;
			buildActionMask = 2147483647;
			dstPath = /usr/share/man/man1/;
			dstSubfolderSpec = 0;
			files = (
			);
			runOnlyForDeploymentPostprocessing = 1;
		};
/* End PBXCopyFilesBuildPhase section */

/* Begin PBXFileReference section */
		478CD1092BB8CBDB00CF4E40 /* Bruin Tour */ = {isa = PBXFileReference; explicitFileType = "compiled.mach-o.executable"; includeInIndex = 0; path = "Bruin Tour"; sourceTree = BUILT_PRODUCTS_DIR; };
		478CD1132BB8CBFD00CF4E40 /* stops.h */ = {isa = PBXFileReference; fileEncoding = 4; lastKnownFileType = sourcecode.c.h; path = stops.h; sourceTree = "<group>"; };
		478CD1142BB8CBFD00CF4E40 /* tour_generator.h */ = {isa = PBXFileReference; fileEncoding = 4; lastKnownFileType = sourcecode.c.h; path = tour_generator.h; sourceTree = "<group>"; };
		478CD1152BB8CBFD00CF4E40 /* tourcmd.h */ = {isa = PBXFileReference; fileEncoding = 4; lastKnownFileType = sourcecode.c.h; path = tourcmd.h; sourceTree = "<group>"; };
		478CD1162BB8CBFD00CF4E40 /* geopoint.h */ = {isa = PBXFileReference; fileEncoding = 4; lastKnownFileType = sourcecode.c.h; path = geopoint.h; sourceTree = "<group>"; };
		478CD1172BB8CBFD00CF4E40 /* main.cpp */ = {isa = PBXFileReference; fileEncoding = 4; lastKnownFileType = sourcecode.cpp.cpp; path = main.cpp; sourceTree = "<group>"; };
		478CD1182BB8CBFD00CF4E40 /* base_classes.h */ = {isa = PBXFileReference; fileEncoding = 4; lastKnownFileType = sourcecode.c.h; path = base_classes.h; sourceTree = "<group>"; };
		478CD1192BB8CBFD00CF4E40 /* geotools.h */ = {isa = PBXFileReference; fileEncoding = 4; lastKnownFileType = sourcecode.c.h; path = geotools.h; sourceTree = "<group>"; };
		478CD11A2BB8CBFD00CF4E40 /* geodb.cpp */ = {isa = PBXFileReference; fileEncoding = 4; lastKnownFileType = sourcecode.cpp.cpp; path = geodb.cpp; sourceTree = "<group>"; };
		478CD11B2BB8CBFD00CF4E40 /* geodb.h */ = {isa = PBXFileReference; fileEncoding = 4; lastKnownFileType = sourcecode.c.h; path = geodb.h; sourceTree = "<group>"; };
		478CD11C2BB8CBFD00CF4E40 /* router.cpp */ = {isa = PBXFileReference; fileEncoding = 4; lastKnownFileType = sourcecode.cpp.cpp; path = router.cpp; sourceTree = "<group>"; };
		478CD11D2BB8CBFD00CF4E40 /* hashmap.h */ = {isa = PBXFileReference; fileEncoding = 4; lastKnownFileType = sourcecode.c.h; path = hashmap.h; sourceTree = "<group>"; };
		478CD11E2BB8CBFD00CF4E40 /* router.h */ = {isa = PBXFileReference; fileEncoding = 4; lastKnownFileType = sourcecode.c.h; path = router.h; sourceTree = "<group>"; };
		478CD11F2BB8CBFD00CF4E40 /* tour_generator.cpp */ = {isa = PBXFileReference; fileEncoding = 4; lastKnownFileType = sourcecode.cpp.cpp; path = tour_generator.cpp; sourceTree = "<group>"; };
/* End PBXFileReference section */

/* Begin PBXFrameworksBuildPhase section */
		478CD1062BB8CBDB00CF4E40 /* Frameworks */ = {
			isa = PBXFrameworksBuildPhase;
			buildActionMask = 2147483647;
			files = (
			);
			runOnlyForDeploymentPostprocessing = 0;
		};
/* End PBXFrameworksBuildPhase section */

/* Begin PBXGroup section */
		478CD1002BB8CBDB00CF4E40 = {
			isa = PBXGroup;
			children = (
				478CD10B2BB8CBDB00CF4E40 /* Bruin Tour */,
				478CD10A2BB8CBDB00CF4E40 /* Products */,
			);
			sourceTree = "<group>";
		};
		478CD10A2BB8CBDB00CF4E40 /* Products */ = {
			isa = PBXGroup;
			children = (
				478CD1092BB8CBDB00CF4E40 /* Bruin Tour */,
			);
			name = Products;
			sourceTree = "<group>";
		};
		478CD10B2BB8CBDB00CF4E40 /* Bruin Tour */ = {
			isa = PBXGroup;
			children = (
				478CD1182BB8CBFD00CF4E40 /* base_classes.h */,
				478CD11A2BB8CBFD00CF4E40 /* geodb.cpp */,
				478CD11B2BB8CBFD00CF4E40 /* geodb.h */,
				478CD1162BB8CBFD00CF4E40 /* geopoint.h */,
				478CD1192BB8CBFD00CF4E40 /* geotools.h */,
				478CD11D2BB8CBFD00CF4E40 /* hashmap.h */,
				478CD1172BB8CBFD00CF4E40 /* main.cpp */,
				478CD11C2BB8CBFD00CF4E40 /* router.cpp */,
				478CD11E2BB8CBFD00CF4E40 /* router.h */,
				478CD1132BB8CBFD00CF4E40 /* stops.h */,
				478CD11F2BB8CBFD00CF4E40 /* tour_generator.cpp */,
				478CD1142BB8CBFD00CF4E40 /* tour_generator.h */,
				478CD1152BB8CBFD00CF4E40 /* tourcmd.h */,
			);
			path = "Bruin Tour";
			sourceTree = "<group>";
		};
/* End PBXGroup section */

/* Begin PBXNativeTarget section */
		478CD1082BB8CBDB00CF4E40 /* Bruin Tour */ = {
			isa = PBXNativeTarget;
			buildConfigurationList = 478CD1102BB8CBDB00CF4E40 /* Build configuration list for PBXNativeTarget "Bruin Tour" */;
			buildPhases = (
				478CD1052BB8CBDB00CF4E40 /* Sources */,
				478CD1062BB8CBDB00CF4E40 /* Frameworks */,
				478CD1072BB8CBDB00CF4E40 /* CopyFiles */,
			);
			buildRules = (
			);
			dependencies = (
			);
			name = "Bruin Tour";
			productName = "Bruin Tour";
			productReference = 478CD1092BB8CBDB00CF4E40 /* Bruin Tour */;
			productType = "com.apple.product-type.tool";
		};
/* End PBXNativeTarget section */

/* Begin PBXProject section */
		478CD1012BB8CBDB00CF4E40 /* Project object */ = {
			isa = PBXProject;
			attributes = {
				BuildIndependentTargetsInParallel = 1;
				LastUpgradeCheck = 1520;
				TargetAttributes = {
					478CD1082BB8CBDB00CF4E40 = {
						CreatedOnToolsVersion = 15.2;
					};
				};
			};
			buildConfigurationList = 478CD1042BB8CBDB00CF4E40 /* Build configuration list for PBXProject "Bruin Tour" */;
			compatibilityVersion = "Xcode 14.0";
			developmentRegion = en;
			hasScannedForEncodings = 0;
			knownRegions = (
				en,
				Base,
			);
			mainGroup = 478CD1002BB8CBDB00CF4E40;
			productRefGroup = 478CD10A2BB8CBDB00CF4E40 /* Products */;
			projectDirPath = "";
			projectRoot = "";
			targets = (
				478CD1082BB8CBDB00CF4E40 /* Bruin Tour */,
			);
		};
/* End PBXProject section */

/* Begin PBXSourcesBuildPhase section */
		478CD1052BB8CBDB00CF4E40 /* Sources */ = {
			isa = PBXSourcesBuildPhase;
			buildActionMask = 2147483647;
			files = (
				478CD1202BB8CBFD00CF4E40 /* main.cpp in Sources */,
				478CD1222BB8CBFD00CF4E40 /* router.cpp in Sources */,
				478CD1212BB8CBFD00CF4E40 /* geodb.cpp in Sources */,
				478CD1232BB8CBFD00CF4E40 /* tour_generator.cpp in Sources */,
			);
			runOnlyForDeploymentPostprocessing = 0;
		};
/* End PBXSourcesBuildPhase section */

/* Begin XCBuildConfiguration section */
		478CD10E2BB8CBDB00CF4E40 /* Debug */ = {
			isa = XCBuildConfiguration;
			buildSettings = {
				ALWAYS_SEARCH_USER_PATHS = NO;
				ASSETCATALOG_COMPILER_GENERATE_SWIFT_ASSET_SYMBOL_EXTENSIONS = YES;
				CLANG_ANALYZER_NONNULL = YES;
				CLANG_ANALYZER_NUMBER_OBJECT_CONVERSION = YES_AGGRESSIVE;
				CLANG_CXX_LANGUAGE_STANDARD = "gnu++20";
				CLANG_ENABLE_MODULES = YES;
				CLANG_ENABLE_OBJC_ARC = YES;
				CLANG_ENABLE_OBJC_WEAK = YES;
				CLANG_WARN_BLOCK_CAPTURE_AUTORELEASING = YES;
				CLANG_WARN_BOOL_CONVERSION = YES;
				CLANG_WARN_COMMA = YES;
				CLANG_WARN_CONSTANT_CONVERSION = YES;
				CLANG_WARN_DEPRECATED_OBJC_IMPLEMENTATIONS = YES;
				CLANG_WARN_DIRECT_OBJC_ISA_USAGE = YES_ERROR;
				CLANG_WARN_DOCUMENTATION_COMMENTS = YES;
				CLANG_WARN_EMPTY_BODY = YES;
				CLANG_WARN_ENUM_CONVERSION = YES;
				CLANG_WARN_INFINITE_RECURSION = YES;
				CLANG_WARN_INT_CONVERSION = YES;
				CLANG_WARN_NON_LITERAL_NULL_CONVERSION = YES;
				CLANG_WARN_OBJC_IMPLICIT_RETAIN_SELF = YES;
				CLANG_WARN_OBJC_LITERAL_CONVERSION = YES;
				CLANG_WARN_OBJC_ROOT_CLASS = YES_ERROR;
				CLANG_WARN_QUOTED_INCLUDE_IN_FRAMEWORK_HEADER = YES;
				CLANG_WARN_RANGE_LOOP_ANALYSIS = YES;
				CLANG_WARN_STRICT_PROTOTYPES = YES;
				CLANG_WARN_SUSPICIOUS_MOVE = YES;
				CLANG_WARN_UNGUARDED_AVAILABILITY = YES_AGGRESSIVE;
				CLANG_WARN_UNREACHABLE_CODE = YES;
				CLANG_WARN__DUPLICATE_METHOD_MATCH = YES;
				COPY_PHASE_STRIP = NO;
				DEBUG_INFORMATION_FORMAT = dwarf;
				ENABLE_STRICT_OBJC_MSGSEND = YES;
				ENABLE_TESTABILITY = YES;
				ENABLE_USER_SCRIPT_SANDBOXING = YES;
				GCC_C_LANGUAGE_STANDARD = gnu17;
				GCC_DYNAMIC_NO_PIC = NO;
				GCC_NO_COMMON_BLOCKS = YES;
				GCC_OPTIMIZATION_LEVEL = 0;
				GCC_PREPROCESSOR_DEFINITIONS = (
					"DEBUG=1",
					"$(inherited)",
				);
				GCC_WARN_64_TO_32_BIT_CONVERSION = YES;
				GCC_WARN_ABOUT_RETURN_TYPE = YES_ERROR;
				GCC_WARN_UNDECLARED_SELECTOR = YES;
				GCC_WARN_UNINITIALIZED_AUTOS = YES_AGGRESSIVE;
				GCC_WARN_UNUSED_FUNCTION = YES;
				GCC_WARN_UNUSED_VARIABLE = YES;
				LOCALIZATION_PREFERS_STRING_CATALOGS = YES;
				MACOSX_DEPLOYMENT_TARGET = 14.2;
				MTL_ENABLE_DEBUG_INFO = INCLUDE_SOURCE;
				MTL_FAST_MATH = YES;
				ONLY_ACTIVE_ARCH = YES;
				SDKROOT = macosx;
			};
			name = Debug;
		};
		478CD10F2BB8CBDB00CF4E40 /* Release */ = {
			isa = XCBuildConfiguration;
			buildSettings = {
				ALWAYS_SEARCH_USER_PATHS = NO;
				ASSETCATALOG_COMPILER_GENERATE_SWIFT_ASSET_SYMBOL_EXTENSIONS = YES;
				CLANG_ANALYZER_NONNULL = YES;
				CLANG_ANALYZER_NUMBER_OBJECT_CONVERSION = YES_AGGRESSIVE;
				CLANG_CXX_LANGUAGE_STANDARD = "gnu++20";
				CLANG_ENABLE_MODULES = YES;
				CLANG_ENABLE_OBJC_ARC = YES;
				CLANG_ENABLE_OBJC_WEAK = YES;
				CLANG_WARN_BLOCK_CAPTURE_AUTORELEASING = YES;
				CLANG_WARN_BOOL_CONVERSION = YES;
				CLANG_WARN_COMMA = YES;
				CLANG_WARN_CONSTANT_CONVERSION = YES;
				CLANG_WARN_DEPRECATED_OBJC_IMPLEMENTATIONS = YES;
				CLANG_WARN_DIRECT_OBJC_ISA_USAGE = YES_ERROR;
				CLANG_WARN_DOCUMENTATION_COMMENTS = YES;
				CLANG_WARN_EMPTY_BODY = YES;
				CLANG_WARN_ENUM_CONVERSION = YES;
				CLANG_WARN_INFINITE_RECURSION = YES;
				CLANG_WARN_INT_CONVERSION = YES;
				CLANG_WARN_NON_LITERAL_NULL_CONVERSION = YES;
				CLANG_WARN_OBJC_IMPLICIT_RETAIN_SELF = YES;
				CLANG_WARN_OBJC_LITERAL_CONVERSION = YES;
				CLANG_WARN_OBJC_ROOT_CLASS = YES_ERROR;
				CLANG_WARN_QUOTED_INCLUDE_IN_FRAMEWORK_HEADER = YES;
				CLANG_WARN_RANGE_LOOP_ANALYSIS = YES;
				CLANG_WARN_STRICT_PROTOTYPES = YES;
				CLANG_WARN_SUSPICIOUS_MOVE = YES;
				CLANG_WARN_UNGUARDED_AVAILABILITY = YES_AGGRESSIVE;
				CLANG_WARN_UNREACHABLE_CODE = YES;
				CLANG_WARN__DUPLICATE_METHOD_MATCH = YES;
				COPY_PHASE_STRIP = NO;
				DEBUG_INFORMATION_FORMAT = "dwarf-with-dsym";
				ENABLE_NS_ASSERTIONS = NO;
				ENABLE_STRICT_OBJC_MSGSEND = YES;
				ENABLE_USER_SCRIPT_SANDBOXING = YES;
				GCC_C_LANGUAGE_STANDARD = gnu17;
				GCC_NO_COMMON_BLOCKS = YES;
				GCC_WARN_64_TO_32_BIT_CONVERSION = YES;
				GCC_WARN_ABOUT_RETURN_TYPE = YES_ERROR;
				GCC_WARN_UNDECLARED_SELECTOR = YES;
				GCC_WARN_UNINITIALIZED_AUTOS = YES_AGGRESSIVE;
				GCC_WARN_UNUSED_FUNCTION = YES;
				GCC_WARN_UNUSED_VARIABLE = YES;
				LOCALIZATION_PREFERS_STRING_CATALOGS = YES;
				MACOSX_DEPLOYMENT_TARGET = 14.2;
				MTL_ENABLE_DEBUG_INFO = NO;
				MTL_FAST_MATH = YES;
				SDKROOT = macosx;
			};
			name = Release;
		};
		478CD1112BB8CBDB00CF4E40 /* Debug */ = {
			isa = XCBuildConfiguration;
			buildSettings = {
				CODE_SIGN_STYLE = Automatic;
				PRODUCT_NAME = "$(TARGET_NAME)";
			};
			name = Debug;
		};
		478CD1122BB8CBDB00CF4E40 /* Release */ = {
			isa = XCBuildConfiguration;
			buildSettings = {
				CODE_SIGN_STYLE = Automatic;
				PRODUCT_NAME = "$(TARGET_NAME)";
			};
			name = Release;
		};
/* End XCBuildConfiguration section */

/* Begin XCConfigurationList section */
		478CD1042BB8CBDB00CF4E40 /* Build configuration list for PBXProject "Bruin Tour" */ = {
			isa = XCConfigurationList;
			buildConfigurations = (
				478CD10E2BB8CBDB00CF4E40 /* Debug */,
				478CD10F2BB8CBDB00CF4E40 /* Release */,
			);
			defaultConfigurationIsVisible = 0;
			defaultConfigurationName = Release;
		};
		478CD1102BB8CBDB00CF4E40 /* Build configuration list for PBXNativeTarget "Bruin Tour" */ = {
			isa = XCConfigurationList;
			buildConfigurations = (
				478CD1112BB8CBDB00CF4E40 /* Debug */,
				478CD1122BB8CBDB00CF4E40 /* Release */,
			);
			defaultConfigurationIsVisible = 0;
			defaultConfigurationName = Release;
		};
/* End XCConfigurationList section */
	};
	rootObject = 478CD1012BB8CBDB00CF4E40 /* Project object */;
}
